<Solution>
  <Folder Name="/src/">
    <Project Path="src/Lyke.Api/Lyke.Api.csproj" />
    <Project Path="src/Lyke.Application/Lyke.Application.csproj" />
    <Project Path="src/Lyke.Core/Lyke.Core.csproj" />
    <Project Path="src/Lyke.Infrastructure/Lyke.Infrastructure.csproj" />
  </Folder>
  <Folder Name="/tests/">
    <Project Path="tests/Lyke.IntegrationTests/Lyke.IntegrationTests.csproj" />
    <Project Path="tests/Lyke.UnitTests/Lyke.UnitTests.csproj" />
  </Folder>
</Solution>
